// !$*UTF8*$!
{
	archiveVersion = 1;
	classes = {
	};
	objectVersion = 50;
	objects = {

/* Begin PBXBuildFile section */
		8B5889292579A8A0006E18FC /* Manga.swift in Sources */ = {isa = PBXBuildFile; fileRef = 8B5889282579A8A0006E18FC /* Manga.swift */; };
		8B9990B52579B17000B11653 /* MangaDetailView.swift in Sources */ = {isa = PBXBuildFile; fileRef = 8B9990B42579B17000B11653 /* MangaDetailView.swift */; };
		8B9990B82579B49000B11653 /* ImageLoader.swift in Sources */ = {isa = PBXBuildFile; fileRef = 8B9990B72579B49000B11653 /* ImageLoader.swift */; };
		8BF4D54325792DA8008C6729 /* manga_managerApp.swift in Sources */ = {isa = PBXBuildFile; fileRef = 8BF4D54225792DA8008C6729 /* manga_managerApp.swift */; };
		8BF4D54525792DA8008C6729 /* ContentView.swift in Sources */ = {isa = PBXBuildFile; fileRef = 8BF4D54425792DA8008C6729 /* ContentView.swift */; };
		8BF4D54725792DAA008C6729 /* Assets.xcassets in Resources */ = {isa = PBXBuildFile; fileRef = 8BF4D54625792DAA008C6729 /* Assets.xcassets */; };
		8BF4D54A25792DAA008C6729 /* Preview Assets.xcassets in Resources */ = {isa = PBXBuildFile; fileRef = 8BF4D54925792DAA008C6729 /* Preview Assets.xcassets */; };
		8BFBFB55257A257C00F54D66 /* MangaView.swift in Sources */ = {isa = PBXBuildFile; fileRef = 8BFBFB54257A257C00F54D66 /* MangaView.swift */; };
		8BFBFB58257A260500F54D66 /* MangaRow.swift in Sources */ = {isa = PBXBuildFile; fileRef = 8BFBFB57257A260500F54D66 /* MangaRow.swift */; };
		8BFBFB5B257A616100F54D66 /* FavView.swift in Sources */ = {isa = PBXBuildFile; fileRef = 8BFBFB5A257A616100F54D66 /* FavView.swift */; };
/* End PBXBuildFile section */

/* Begin PBXFileReference section */
		8B5889282579A8A0006E18FC /* Manga.swift */ = {isa = PBXFileReference; lastKnownFileType = sourcecode.swift; path = Manga.swift; sourceTree = "<group>"; };
		8B9990B42579B17000B11653 /* MangaDetailView.swift */ = {isa = PBXFileReference; lastKnownFileType = sourcecode.swift; path = MangaDetailView.swift; sourceTree = "<group>"; };
		8B9990B72579B49000B11653 /* ImageLoader.swift */ = {isa = PBXFileReference; lastKnownFileType = sourcecode.swift; path = ImageLoader.swift; sourceTree = "<group>"; };
		8BF4D53F25792DA8008C6729 /* manga_manager.app */ = {isa = PBXFileReference; explicitFileType = wrapper.application; includeInIndex = 0; path = manga_manager.app; sourceTree = BUILT_PRODUCTS_DIR; };
		8BF4D54225792DA8008C6729 /* manga_managerApp.swift */ = {isa = PBXFileReference; lastKnownFileType = sourcecode.swift; path = manga_managerApp.swift; sourceTree = "<group>"; };
		8BF4D54425792DA8008C6729 /* ContentView.swift */ = {isa = PBXFileReference; lastKnownFileType = sourcecode.swift; path = ContentView.swift; sourceTree = "<group>"; };
		8BF4D54625792DAA008C6729 /* Assets.xcassets */ = {isa = PBXFileReference; lastKnownFileType = folder.assetcatalog; path = Assets.xcassets; sourceTree = "<group>"; };
		8BF4D54925792DAA008C6729 /* Preview Assets.xcassets */ = {isa = PBXFileReference; lastKnownFileType = folder.assetcatalog; path = "Preview Assets.xcassets"; sourceTree = "<group>"; };
		8BF4D54B25792DAA008C6729 /* Info.plist */ = {isa = PBXFileReference; lastKnownFileType = text.plist.xml; path = Info.plist; sourceTree = "<group>"; };
		8BFBFB54257A257C00F54D66 /* MangaView.swift */ = {isa = PBXFileReference; lastKnownFileType = sourcecode.swift; path = MangaView.swift; sourceTree = "<group>"; };
		8BFBFB57257A260500F54D66 /* MangaRow.swift */ = {isa = PBXFileReference; lastKnownFileType = sourcecode.swift; path = MangaRow.swift; sourceTree = "<group>"; };
		8BFBFB5A257A616100F54D66 /* FavView.swift */ = {isa = PBXFileReference; lastKnownFileType = sourcecode.swift; path = FavView.swift; sourceTree = "<group>"; };
/* End PBXFileReference section */

/* Begin PBXFrameworksBuildPhase section */
		8BF4D53C25792DA8008C6729 /* Frameworks */ = {
			isa = PBXFrameworksBuildPhase;
			buildActionMask = 2147483647;
			files = (
			);
			runOnlyForDeploymentPostprocessing = 0;
		};
/* End PBXFrameworksBuildPhase section */

/* Begin PBXGroup section */
		8BF4D53625792DA8008C6729 = {
			isa = PBXGroup;
			children = (
				8BF4D54125792DA8008C6729 /* manga_manager */,
				8BF4D54025792DA8008C6729 /* Products */,
			);
			sourceTree = "<group>";
		};
		8BF4D54025792DA8008C6729 /* Products */ = {
			isa = PBXGroup;
			children = (
				8BF4D53F25792DA8008C6729 /* manga_manager.app */,
			);
			name = Products;
			sourceTree = "<group>";
		};
		8BF4D54125792DA8008C6729 /* manga_manager */ = {
			isa = PBXGroup;
			children = (
				8BF4D54225792DA8008C6729 /* manga_managerApp.swift */,
				8BF4D54425792DA8008C6729 /* ContentView.swift */,
				8BFBFB54257A257C00F54D66 /* MangaView.swift */,
				8BFBFB5A257A616100F54D66 /* FavView.swift */,
				8BFBFB57257A260500F54D66 /* MangaRow.swift */,
				8B9990B72579B49000B11653 /* ImageLoader.swift */,
				8B9990B42579B17000B11653 /* MangaDetailView.swift */,
				8B5889282579A8A0006E18FC /* Manga.swift */,
				8BF4D54B25792DAA008C6729 /* Info.plist */,
				8BF4D54825792DAA008C6729 /* Preview Content */,
			);
			path = manga_manager;
			sourceTree = "<group>";
		};
		8BF4D54825792DAA008C6729 /* Preview Content */ = {
			isa = PBXGroup;
			children = (
				8BF4D54625792DAA008C6729 /* Assets.xcassets */,
				8BF4D54925792DAA008C6729 /* Preview Assets.xcassets */,
			);
			path = "Preview Content";
			sourceTree = "<group>";
		};
/* End PBXGroup section */

/* Begin PBXNativeTarget section */
		8BF4D53E25792DA8008C6729 /* manga_manager */ = {
			isa = PBXNativeTarget;
			buildConfigurationList = 8BF4D54E25792DAA008C6729 /* Build configuration list for PBXNativeTarget "manga_manager" */;
			buildPhases = (
				8BF4D53B25792DA8008C6729 /* Sources */,
				8BF4D53C25792DA8008C6729 /* Frameworks */,
				8BF4D53D25792DA8008C6729 /* Resources */,
			);
			buildRules = (
			);
			dependencies = (
			);
			name = manga_manager;
			productName = manga_manager;
			productReference = 8BF4D53F25792DA8008C6729 /* manga_manager.app */;
			productType = "com.apple.product-type.application";
		};
/* End PBXNativeTarget section */

/* Begin PBXProject section */
		8BF4D53725792DA8008C6729 /* Project object */ = {
			isa = PBXProject;
			attributes = {
				LastSwiftUpdateCheck = 1200;
				LastUpgradeCheck = 1200;
				TargetAttributes = {
					8BF4D53E25792DA8008C6729 = {
						CreatedOnToolsVersion = 12.0;
					};
				};
			};
			buildConfigurationList = 8BF4D53A25792DA8008C6729 /* Build configuration list for PBXProject "manga_manager" */;
			compatibilityVersion = "Xcode 9.3";
			developmentRegion = en;
			hasScannedForEncodings = 0;
			knownRegions = (
				en,
				Base,
			);
			mainGroup = 8BF4D53625792DA8008C6729;
			productRefGroup = 8BF4D54025792DA8008C6729 /* Products */;
			projectDirPath = "";
			projectRoot = "";
			targets = (
				8BF4D53E25792DA8008C6729 /* manga_manager */,
			);
		};
/* End PBXProject section */

/* Begin PBXResourcesBuildPhase section */
		8BF4D53D25792DA8008C6729 /* Resources */ = {
			isa = PBXResourcesBuildPhase;
			buildActionMask = 2147483647;
			files = (
				8BF4D54A25792DAA008C6729 /* Preview Assets.xcassets in Resources */,
				8BF4D54725792DAA008C6729 /* Assets.xcassets in Resources */,
			);
			runOnlyForDeploymentPostprocessing = 0;
		};
/* End PBXResourcesBuildPhase section */

/* Begin PBXSourcesBuildPhase section */
		8BF4D53B25792DA8008C6729 /* Sources */ = {
			isa = PBXSourcesBuildPhase;
			buildActionMask = 2147483647;
			files = (
				8BFBFB5B257A616100F54D66 /* FavView.swift in Sources */,
				8B5889292579A8A0006E18FC /* Manga.swift in Sources */,
				8BFBFB58257A260500F54D66 /* MangaRow.swift in Sources */,
				8BF4D54525792DA8008C6729 /* ContentView.swift in Sources */,
				8B9990B82579B49000B11653 /* ImageLoader.swift in Sources */,
				8BFBFB55257A257C00F54D66 /* MangaView.swift in Sources */,
				8B9990B52579B17000B11653 /* MangaDetailView.swift in Sources */,
				8BF4D54325792DA8008C6729 /* manga_managerApp.swift in Sources */,
			);
			runOnlyForDeploymentPostprocessing = 0;
		};
/* End PBXSourcesBuildPhase section */

/* Begin XCBuildConfiguration section */
		8BF4D54C25792DAA008C6729 /* Debug */ = {
			isa = XCBuildConfiguration;
			buildSettings = {
				ALWAYS_SEARCH_USER_PATHS = NO;
				CLANG_ANALYZER_NONNULL = YES;
				CLANG_ANALYZER_NUMBER_OBJECT_CONVERSION = YES_AGGRESSIVE;
				CLANG_CXX_LANGUAGE_STANDARD = "gnu++14";
				CLANG_CXX_LIBRARY = "libc++";
				CLANG_ENABLE_MODULES = YES;
				CLANG_ENABLE_OBJC_ARC = YES;
				CLANG_ENABLE_OBJC_WEAK = YES;
				CLANG_WARN_BLOCK_CAPTURE_AUTORELEASING = YES;
				CLANG_WARN_BOOL_CONVERSION = YES;
				CLANG_WARN_COMMA = YES;
				CLANG_WARN_CONSTANT_CONVERSION = YES;
				CLANG_WARN_DEPRECATED_OBJC_IMPLEMENTATIONS = YES;
				CLANG_WARN_DIRECT_OBJC_ISA_USAGE = YES_ERROR;
				CLANG_WARN_DOCUMENTATION_COMMENTS = YES;
				CLANG_WARN_EMPTY_BODY = YES;
				CLANG_WARN_ENUM_CONVERSION = YES;
				CLANG_WARN_INFINITE_RECURSION = YES;
				CLANG_WARN_INT_CONVERSION = YES;
				CLANG_WARN_NON_LITERAL_NULL_CONVERSION = YES;
				CLANG_WARN_OBJC_IMPLICIT_RETAIN_SELF = YES;
				CLANG_WARN_OBJC_LITERAL_CONVERSION = YES;
				CLANG_WARN_OBJC_ROOT_CLASS = YES_ERROR;
				CLANG_WARN_QUOTED_INCLUDE_IN_FRAMEWORK_HEADER = YES;
				CLANG_WARN_RANGE_LOOP_ANALYSIS = YES;
				CLANG_WARN_STRICT_PROTOTYPES = YES;
				CLANG_WARN_SUSPICIOUS_MOVE = YES;
				CLANG_WARN_UNGUARDED_AVAILABILITY = YES_AGGRESSIVE;
				CLANG_WARN_UNREACHABLE_CODE = YES;
				CLANG_WARN__DUPLICATE_METHOD_MATCH = YES;
				COPY_PHASE_STRIP = NO;
				DEBUG_INFORMATION_FORMAT = dwarf;
				ENABLE_STRICT_OBJC_MSGSEND = YES;
				ENABLE_TESTABILITY = YES;
				GCC_C_LANGUAGE_STANDARD = gnu11;
				GCC_DYNAMIC_NO_PIC = NO;
				GCC_NO_COMMON_BLOCKS = YES;
				GCC_OPTIMIZATION_LEVEL = 0;
				GCC_PREPROCESSOR_DEFINITIONS = (
					"DEBUG=1",
					"$(inherited)",
				);
				GCC_WARN_64_TO_32_BIT_CONVERSION = YES;
				GCC_WARN_ABOUT_RETURN_TYPE = YES_ERROR;
				GCC_WARN_UNDECLARED_SELECTOR = YES;
				GCC_WARN_UNINITIALIZED_AUTOS = YES_AGGRESSIVE;
				GCC_WARN_UNUSED_FUNCTION = YES;
				GCC_WARN_UNUSED_VARIABLE = YES;
				IPHONEOS_DEPLOYMENT_TARGET = 14.0;
				MTL_ENABLE_DEBUG_INFO = INCLUDE_SOURCE;
				MTL_FAST_MATH = YES;
				ONLY_ACTIVE_ARCH = YES;
				SDKROOT = iphoneos;
				SWIFT_ACTIVE_COMPILATION_CONDITIONS = DEBUG;
				SWIFT_OPTIMIZATION_LEVEL = "-Onone";
			};
			name = Debug;
		};
		8BF4D54D25792DAA008C6729 /* Release */ = {
			isa = XCBuildConfiguration;
			buildSettings = {
				ALWAYS_SEARCH_USER_PATHS = NO;
				CLANG_ANALYZER_NONNULL = YES;
				CLANG_ANALYZER_NUMBER_OBJECT_CONVERSION = YES_AGGRESSIVE;
				CLANG_CXX_LANGUAGE_STANDARD = "gnu++14";
				CLANG_CXX_LIBRARY = "libc++";
				CLANG_ENABLE_MODULES = YES;
				CLANG_ENABLE_OBJC_ARC = YES;
				CLANG_ENABLE_OBJC_WEAK = YES;
				CLANG_WARN_BLOCK_CAPTURE_AUTORELEASING = YES;
				CLANG_WARN_BOOL_CONVERSION = YES;
				CLANG_WARN_COMMA = YES;
				CLANG_WARN_CONSTANT_CONVERSION = YES;
				CLANG_WARN_DEPRECATED_OBJC_IMPLEMENTATIONS = YES;
				CLANG_WARN_DIRECT_OBJC_ISA_USAGE = YES_ERROR;
				CLANG_WARN_DOCUMENTATION_COMMENTS = YES;
				CLANG_WARN_EMPTY_BODY = YES;
				CLANG_WARN_ENUM_CONVERSION = YES;
				CLANG_WARN_INFINITE_RECURSION = YES;
				CLANG_WARN_INT_CONVERSION = YES;
				CLANG_WARN_NON_LITERAL_NULL_CONVERSION = YES;
				CLANG_WARN_OBJC_IMPLICIT_RETAIN_SELF = YES;
				CLANG_WARN_OBJC_LITERAL_CONVERSION = YES;
				CLANG_WARN_OBJC_ROOT_CLASS = YES_ERROR;
				CLANG_WARN_QUOTED_INCLUDE_IN_FRAMEWORK_HEADER = YES;
				CLANG_WARN_RANGE_LOOP_ANALYSIS = YES;
				CLANG_WARN_STRICT_PROTOTYPES = YES;
				CLANG_WARN_SUSPICIOUS_MOVE = YES;
				CLANG_WARN_UNGUARDED_AVAILABILITY = YES_AGGRESSIVE;
				CLANG_WARN_UNREACHABLE_CODE = YES;
				CLANG_WARN__DUPLICATE_METHOD_MATCH = YES;
				COPY_PHASE_STRIP = NO;
				DEBUG_INFORMATION_FORMAT = "dwarf-with-dsym";
				ENABLE_NS_ASSERTIONS = NO;
				ENABLE_STRICT_OBJC_MSGSEND = YES;
				GCC_C_LANGUAGE_STANDARD = gnu11;
				GCC_NO_COMMON_BLOCKS = YES;
				GCC_WARN_64_TO_32_BIT_CONVERSION = YES;
				GCC_WARN_ABOUT_RETURN_TYPE = YES_ERROR;
				GCC_WARN_UNDECLARED_SELECTOR = YES;
				GCC_WARN_UNINITIALIZED_AUTOS = YES_AGGRESSIVE;
				GCC_WARN_UNUSED_FUNCTION = YES;
				GCC_WARN_UNUSED_VARIABLE = YES;
				IPHONEOS_DEPLOYMENT_TARGET = 14.0;
				MTL_ENABLE_DEBUG_INFO = NO;
				MTL_FAST_MATH = YES;
				SDKROOT = iphoneos;
				SWIFT_COMPILATION_MODE = wholemodule;
				SWIFT_OPTIMIZATION_LEVEL = "-O";
				VALIDATE_PRODUCT = YES;
			};
			name = Release;
		};
		8BF4D54F25792DAA008C6729 /* Debug */ = {
			isa = XCBuildConfiguration;
			buildSettings = {
				ASSETCATALOG_COMPILER_APPICON_NAME = AppIcon;
				ASSETCATALOG_COMPILER_GLOBAL_ACCENT_COLOR_NAME = AccentColor;
				CODE_SIGN_STYLE = Automatic;
				DEVELOPMENT_ASSET_PATHS = "\"manga_manager/Preview Content\"";
				ENABLE_PREVIEWS = YES;
				INFOPLIST_FILE = manga_manager/Info.plist;
				IPHONEOS_DEPLOYMENT_TARGET = 14.0;
				LD_RUNPATH_SEARCH_PATHS = (
					"$(inherited)",
					"@executable_path/Frameworks",
				);
				PRODUCT_BUNDLE_IDENTIFIER = "ESGI.manga-manager";
				PRODUCT_NAME = "$(TARGET_NAME)";
				SWIFT_VERSION = 5.0;
				TARGETED_DEVICE_FAMILY = "1,2";
			};
			name = Debug;
		};
		8BF4D55025792DAA008C6729 /* Release */ = {
			isa = XCBuildConfiguration;
			buildSettings = {
				ASSETCATALOG_COMPILER_APPICON_NAME = AppIcon;
				ASSETCATALOG_COMPILER_GLOBAL_ACCENT_COLOR_NAME = AccentColor;
				CODE_SIGN_STYLE = Automatic;
				DEVELOPMENT_ASSET_PATHS = "\"manga_manager/Preview Content\"";
				ENABLE_PREVIEWS = YES;
				INFOPLIST_FILE = manga_manager/Info.plist;
				IPHONEOS_DEPLOYMENT_TARGET = 14.0;
				LD_RUNPATH_SEARCH_PATHS = (
					"$(inherited)",
					"@executable_path/Frameworks",
				);
				PRODUCT_BUNDLE_IDENTIFIER = "ESGI.manga-manager";
				PRODUCT_NAME = "$(TARGET_NAME)";
				SWIFT_VERSION = 5.0;
				TARGETED_DEVICE_FAMILY = "1,2";
			};
			name = Release;
		};
/* End XCBuildConfiguration section */

/* Begin XCConfigurationList section */
		8BF4D53A25792DA8008C6729 /* Build configuration list for PBXProject "manga_manager" */ = {
			isa = XCConfigurationList;
			buildConfigurations = (
				8BF4D54C25792DAA008C6729 /* Debug */,
				8BF4D54D25792DAA008C6729 /* Release */,
			);
			defaultConfigurationIsVisible = 0;
			defaultConfigurationName = Release;
		};
		8BF4D54E25792DAA008C6729 /* Build configuration list for PBXNativeTarget "manga_manager" */ = {
			isa = XCConfigurationList;
			buildConfigurations = (
				8BF4D54F25792DAA008C6729 /* Debug */,
				8BF4D55025792DAA008C6729 /* Release */,
			);
			defaultConfigurationIsVisible = 0;
			defaultConfigurationName = Release;
		};
/* End XCConfigurationList section */
	};
	rootObject = 8BF4D53725792DA8008C6729 /* Project object */;
}
